// !$*UTF8*$!
{
	archiveVersion = 1;
	classes = {
	};
	objectVersion = 48;
	objects = {

/* Begin PBXBuildFile section */
		84254BE920DE7C1B009B4808 /* ImageEditorResultCell.swift in Sources */ = {isa = PBXBuildFile; fileRef = 84254BE820DE7C1B009B4808 /* ImageEditorResultCell.swift */; };
		84282C5520DE505000D81A67 /* FileManagerForImages.swift in Sources */ = {isa = PBXBuildFile; fileRef = 84282C5420DE505000D81A67 /* FileManagerForImages.swift */; };
		84282C5720DE6CC700D81A67 /* ImageEditorProgressCell.swift in Sources */ = {isa = PBXBuildFile; fileRef = 84282C5620DE6CC700D81A67 /* ImageEditorProgressCell.swift */; };
		845CE9C820E4C0D100506815 /* CellProgressPrimaryInfo.swift in Sources */ = {isa = PBXBuildFile; fileRef = 845CE9C720E4C0D100506815 /* CellProgressPrimaryInfo.swift */; };
		845CE9CA20E4C18300506815 /* CellResultPrimaryInfo.swift in Sources */ = {isa = PBXBuildFile; fileRef = 845CE9C920E4C18300506815 /* CellResultPrimaryInfo.swift */; };
		846DC56B20E3B2EE008DC1F4 /* ImageURLSession.swift in Sources */ = {isa = PBXBuildFile; fileRef = 846DC56A20E3B2EE008DC1F4 /* ImageURLSession.swift */; };
		8470B13B20E23E3D00EC2FD4 /* ImageEditor.swift in Sources */ = {isa = PBXBuildFile; fileRef = 8470B13A20E23E3D00EC2FD4 /* ImageEditor.swift */; };
		8470B13D20E2895C00EC2FD4 /* ImageProvider.swift in Sources */ = {isa = PBXBuildFile; fileRef = 8470B13C20E2895C00EC2FD4 /* ImageProvider.swift */; };
		848394DF20DB583600C18AC9 /* AppDelegate.swift in Sources */ = {isa = PBXBuildFile; fileRef = 848394DE20DB583600C18AC9 /* AppDelegate.swift */; };
		848394E120DB583600C18AC9 /* ImageEditorVC.swift in Sources */ = {isa = PBXBuildFile; fileRef = 848394E020DB583600C18AC9 /* ImageEditorVC.swift */; };
		848394E420DB583600C18AC9 /* Main.storyboard in Resources */ = {isa = PBXBuildFile; fileRef = 848394E220DB583600C18AC9 /* Main.storyboard */; };
		848394E720DB583600C18AC9 /* Images.xcdatamodeld in Sources */ = {isa = PBXBuildFile; fileRef = 848394E520DB583600C18AC9 /* Images.xcdatamodeld */; };
		848394E920DB583600C18AC9 /* Assets.xcassets in Resources */ = {isa = PBXBuildFile; fileRef = 848394E820DB583600C18AC9 /* Assets.xcassets */; };
		848394EC20DB583600C18AC9 /* LaunchScreen.storyboard in Resources */ = {isa = PBXBuildFile; fileRef = 848394EA20DB583600C18AC9 /* LaunchScreen.storyboard */; };
/* End PBXBuildFile section */

/* Begin PBXFileReference section */
		84254BE820DE7C1B009B4808 /* ImageEditorResultCell.swift */ = {isa = PBXFileReference; lastKnownFileType = sourcecode.swift; path = ImageEditorResultCell.swift; sourceTree = "<group>"; };
		84282C5420DE505000D81A67 /* FileManagerForImages.swift */ = {isa = PBXFileReference; lastKnownFileType = sourcecode.swift; path = FileManagerForImages.swift; sourceTree = "<group>"; };
		84282C5620DE6CC700D81A67 /* ImageEditorProgressCell.swift */ = {isa = PBXFileReference; lastKnownFileType = sourcecode.swift; path = ImageEditorProgressCell.swift; sourceTree = "<group>"; };
		845CE9C720E4C0D100506815 /* CellProgressPrimaryInfo.swift */ = {isa = PBXFileReference; lastKnownFileType = sourcecode.swift; path = CellProgressPrimaryInfo.swift; sourceTree = "<group>"; };
		845CE9C920E4C18300506815 /* CellResultPrimaryInfo.swift */ = {isa = PBXFileReference; lastKnownFileType = sourcecode.swift; path = CellResultPrimaryInfo.swift; sourceTree = "<group>"; };
		846DC56A20E3B2EE008DC1F4 /* ImageURLSession.swift */ = {isa = PBXFileReference; lastKnownFileType = sourcecode.swift; path = ImageURLSession.swift; sourceTree = "<group>"; };
		8470B13A20E23E3D00EC2FD4 /* ImageEditor.swift */ = {isa = PBXFileReference; lastKnownFileType = sourcecode.swift; path = ImageEditor.swift; sourceTree = "<group>"; };
		8470B13C20E2895C00EC2FD4 /* ImageProvider.swift */ = {isa = PBXFileReference; lastKnownFileType = sourcecode.swift; path = ImageProvider.swift; sourceTree = "<group>"; };
		848394DB20DB583600C18AC9 /* Images.app */ = {isa = PBXFileReference; explicitFileType = wrapper.application; includeInIndex = 0; path = Images.app; sourceTree = BUILT_PRODUCTS_DIR; };
		848394DE20DB583600C18AC9 /* AppDelegate.swift */ = {isa = PBXFileReference; lastKnownFileType = sourcecode.swift; path = AppDelegate.swift; sourceTree = "<group>"; };
		848394E020DB583600C18AC9 /* ImageEditorVC.swift */ = {isa = PBXFileReference; lastKnownFileType = sourcecode.swift; path = ImageEditorVC.swift; sourceTree = "<group>"; };
		848394E320DB583600C18AC9 /* Base */ = {isa = PBXFileReference; lastKnownFileType = file.storyboard; name = Base; path = Base.lproj/Main.storyboard; sourceTree = "<group>"; };
		848394E620DB583600C18AC9 /* Images.xcdatamodel */ = {isa = PBXFileReference; lastKnownFileType = wrapper.xcdatamodel; path = Images.xcdatamodel; sourceTree = "<group>"; };
		848394E820DB583600C18AC9 /* Assets.xcassets */ = {isa = PBXFileReference; lastKnownFileType = folder.assetcatalog; path = Assets.xcassets; sourceTree = "<group>"; };
		848394EB20DB583600C18AC9 /* Base */ = {isa = PBXFileReference; lastKnownFileType = file.storyboard; name = Base; path = Base.lproj/LaunchScreen.storyboard; sourceTree = "<group>"; };
		848394ED20DB583600C18AC9 /* Info.plist */ = {isa = PBXFileReference; lastKnownFileType = text.plist.xml; path = Info.plist; sourceTree = "<group>"; };
/* End PBXFileReference section */

/* Begin PBXFrameworksBuildPhase section */
		848394D820DB583600C18AC9 /* Frameworks */ = {
			isa = PBXFrameworksBuildPhase;
			buildActionMask = 2147483647;
			files = (
			);
			runOnlyForDeploymentPostprocessing = 0;
		};
/* End PBXFrameworksBuildPhase section */

/* Begin PBXGroup section */
		845CE9CB20E4D54C00506815 /* Auxiliary */ = {
			isa = PBXGroup;
			children = (
				8470B13A20E23E3D00EC2FD4 /* ImageEditor.swift */,
				84282C5420DE505000D81A67 /* FileManagerForImages.swift */,
				8470B13C20E2895C00EC2FD4 /* ImageProvider.swift */,
				846DC56A20E3B2EE008DC1F4 /* ImageURLSession.swift */,
			);
			path = Auxiliary;
			sourceTree = "<group>";
		};
		846DC56820E3A006008DC1F4 /* ImageEditorVC */ = {
			isa = PBXGroup;
			children = (
				845CE9CB20E4D54C00506815 /* Auxiliary */,
				846DC56920E3A0A5008DC1F4 /* Cell */,
				848394E020DB583600C18AC9 /* ImageEditorVC.swift */,
			);
			path = ImageEditorVC;
			sourceTree = "<group>";
		};
		846DC56920E3A0A5008DC1F4 /* Cell */ = {
			isa = PBXGroup;
			children = (
				84254BE820DE7C1B009B4808 /* ImageEditorResultCell.swift */,
				84282C5620DE6CC700D81A67 /* ImageEditorProgressCell.swift */,
				845CE9C720E4C0D100506815 /* CellProgressPrimaryInfo.swift */,
				845CE9C920E4C18300506815 /* CellResultPrimaryInfo.swift */,
			);
			path = Cell;
			sourceTree = "<group>";
		};
		848394D220DB583600C18AC9 = {
			isa = PBXGroup;
			children = (
				848394DD20DB583600C18AC9 /* Images */,
				848394DC20DB583600C18AC9 /* Products */,
			);
			sourceTree = "<group>";
		};
		848394DC20DB583600C18AC9 /* Products */ = {
			isa = PBXGroup;
			children = (
				848394DB20DB583600C18AC9 /* Images.app */,
			);
			name = Products;
			sourceTree = "<group>";
		};
		848394DD20DB583600C18AC9 /* Images */ = {
			isa = PBXGroup;
			children = (
				846DC56820E3A006008DC1F4 /* ImageEditorVC */,
				848394E820DB583600C18AC9 /* Assets.xcassets */,
				848394EA20DB583600C18AC9 /* LaunchScreen.storyboard */,
				848394DE20DB583600C18AC9 /* AppDelegate.swift */,
				848394E520DB583600C18AC9 /* Images.xcdatamodeld */,
				848394ED20DB583600C18AC9 /* Info.plist */,
				848394E220DB583600C18AC9 /* Main.storyboard */,
			);
			path = Images;
			sourceTree = "<group>";
		};
/* End PBXGroup section */

/* Begin PBXNativeTarget section */
		848394DA20DB583600C18AC9 /* Images */ = {
			isa = PBXNativeTarget;
			buildConfigurationList = 848394F020DB583600C18AC9 /* Build configuration list for PBXNativeTarget "Images" */;
			buildPhases = (
				848394D720DB583600C18AC9 /* Sources */,
				848394D820DB583600C18AC9 /* Frameworks */,
				848394D920DB583600C18AC9 /* Resources */,
			);
			buildRules = (
			);
			dependencies = (
			);
			name = Images;
			productName = Images;
			productReference = 848394DB20DB583600C18AC9 /* Images.app */;
			productType = "com.apple.product-type.application";
		};
/* End PBXNativeTarget section */

/* Begin PBXProject section */
		848394D320DB583600C18AC9 /* Project object */ = {
			isa = PBXProject;
			attributes = {
				LastSwiftUpdateCheck = 0920;
				LastUpgradeCheck = 0920;
				ORGANIZATIONNAME = Admin;
				TargetAttributes = {
					848394DA20DB583600C18AC9 = {
						CreatedOnToolsVersion = 9.2;
						ProvisioningStyle = Automatic;
					};
				};
			};
			buildConfigurationList = 848394D620DB583600C18AC9 /* Build configuration list for PBXProject "Images" */;
			compatibilityVersion = "Xcode 8.0";
			developmentRegion = en;
			hasScannedForEncodings = 0;
			knownRegions = (
				en,
				Base,
			);
			mainGroup = 848394D220DB583600C18AC9;
			productRefGroup = 848394DC20DB583600C18AC9 /* Products */;
			projectDirPath = "";
			projectRoot = "";
			targets = (
				848394DA20DB583600C18AC9 /* Images */,
			);
		};
/* End PBXProject section */

/* Begin PBXResourcesBuildPhase section */
		848394D920DB583600C18AC9 /* Resources */ = {
			isa = PBXResourcesBuildPhase;
			buildActionMask = 2147483647;
			files = (
				848394EC20DB583600C18AC9 /* LaunchScreen.storyboard in Resources */,
				848394E920DB583600C18AC9 /* Assets.xcassets in Resources */,
				848394E420DB583600C18AC9 /* Main.storyboard in Resources */,
			);
			runOnlyForDeploymentPostprocessing = 0;
		};
/* End PBXResourcesBuildPhase section */

/* Begin PBXSourcesBuildPhase section */
		848394D720DB583600C18AC9 /* Sources */ = {
			isa = PBXSourcesBuildPhase;
			buildActionMask = 2147483647;
			files = (
				84282C5720DE6CC700D81A67 /* ImageEditorProgressCell.swift in Sources */,
				845CE9CA20E4C18300506815 /* CellResultPrimaryInfo.swift in Sources */,
				84254BE920DE7C1B009B4808 /* ImageEditorResultCell.swift in Sources */,
				848394E720DB583600C18AC9 /* Images.xcdatamodeld in Sources */,
				84282C5520DE505000D81A67 /* FileManagerForImages.swift in Sources */,
				846DC56B20E3B2EE008DC1F4 /* ImageURLSession.swift in Sources */,
				8470B13D20E2895C00EC2FD4 /* ImageProvider.swift in Sources */,
				845CE9C820E4C0D100506815 /* CellProgressPrimaryInfo.swift in Sources */,
				848394E120DB583600C18AC9 /* ImageEditorVC.swift in Sources */,
				848394DF20DB583600C18AC9 /* AppDelegate.swift in Sources */,
				8470B13B20E23E3D00EC2FD4 /* ImageEditor.swift in Sources */,
			);
			runOnlyForDeploymentPostprocessing = 0;
		};
/* End PBXSourcesBuildPhase section */

/* Begin PBXVariantGroup section */
		848394E220DB583600C18AC9 /* Main.storyboard */ = {
			isa = PBXVariantGroup;
			children = (
				848394E320DB583600C18AC9 /* Base */,
			);
			name = Main.storyboard;
			sourceTree = "<group>";
		};
		848394EA20DB583600C18AC9 /* LaunchScreen.storyboard */ = {
			isa = PBXVariantGroup;
			children = (
				848394EB20DB583600C18AC9 /* Base */,
			);
			name = LaunchScreen.storyboard;
			sourceTree = "<group>";
		};
/* End PBXVariantGroup section */

/* Begin XCBuildConfiguration section */
		848394EE20DB583600C18AC9 /* Debug */ = {
			isa = XCBuildConfiguration;
			buildSettings = {
				ALWAYS_SEARCH_USER_PATHS = NO;
				CLANG_ANALYZER_NONNULL = YES;
				CLANG_ANALYZER_NUMBER_OBJECT_CONVERSION = YES_AGGRESSIVE;
				CLANG_CXX_LANGUAGE_STANDARD = "gnu++14";
				CLANG_CXX_LIBRARY = "libc++";
				CLANG_ENABLE_MODULES = YES;
				CLANG_ENABLE_OBJC_ARC = YES;
				CLANG_WARN_BLOCK_CAPTURE_AUTORELEASING = YES;
				CLANG_WARN_BOOL_CONVERSION = YES;
				CLANG_WARN_COMMA = YES;
				CLANG_WARN_CONSTANT_CONVERSION = YES;
				CLANG_WARN_DIRECT_OBJC_ISA_USAGE = YES_ERROR;
				CLANG_WARN_DOCUMENTATION_COMMENTS = YES;
				CLANG_WARN_EMPTY_BODY = YES;
				CLANG_WARN_ENUM_CONVERSION = YES;
				CLANG_WARN_INFINITE_RECURSION = YES;
				CLANG_WARN_INT_CONVERSION = YES;
				CLANG_WARN_NON_LITERAL_NULL_CONVERSION = YES;
				CLANG_WARN_OBJC_LITERAL_CONVERSION = YES;
				CLANG_WARN_OBJC_ROOT_CLASS = YES_ERROR;
				CLANG_WARN_RANGE_LOOP_ANALYSIS = YES;
				CLANG_WARN_STRICT_PROTOTYPES = YES;
				CLANG_WARN_SUSPICIOUS_MOVE = YES;
				CLANG_WARN_UNGUARDED_AVAILABILITY = YES_AGGRESSIVE;
				CLANG_WARN_UNREACHABLE_CODE = YES;
				CLANG_WARN__DUPLICATE_METHOD_MATCH = YES;
				CODE_SIGN_IDENTITY = "iPhone Developer";
				COPY_PHASE_STRIP = NO;
				DEBUG_INFORMATION_FORMAT = dwarf;
				ENABLE_STRICT_OBJC_MSGSEND = YES;
				ENABLE_TESTABILITY = YES;
				GCC_C_LANGUAGE_STANDARD = gnu11;
				GCC_DYNAMIC_NO_PIC = NO;
				GCC_NO_COMMON_BLOCKS = YES;
				GCC_OPTIMIZATION_LEVEL = 0;
				GCC_PREPROCESSOR_DEFINITIONS = (
					"DEBUG=1",
					"$(inherited)",
				);
				GCC_WARN_64_TO_32_BIT_CONVERSION = YES;
				GCC_WARN_ABOUT_RETURN_TYPE = YES_ERROR;
				GCC_WARN_UNDECLARED_SELECTOR = YES;
				GCC_WARN_UNINITIALIZED_AUTOS = YES_AGGRESSIVE;
				GCC_WARN_UNUSED_FUNCTION = YES;
				GCC_WARN_UNUSED_VARIABLE = YES;
				IPHONEOS_DEPLOYMENT_TARGET = 9.0;
				MTL_ENABLE_DEBUG_INFO = YES;
				ONLY_ACTIVE_ARCH = YES;
				SDKROOT = iphoneos;
				SWIFT_ACTIVE_COMPILATION_CONDITIONS = DEBUG;
				SWIFT_OPTIMIZATION_LEVEL = "-Onone";
			};
			name = Debug;
		};
		848394EF20DB583600C18AC9 /* Release */ = {
			isa = XCBuildConfiguration;
			buildSettings = {
				ALWAYS_SEARCH_USER_PATHS = NO;
				CLANG_ANALYZER_NONNULL = YES;
				CLANG_ANALYZER_NUMBER_OBJECT_CONVERSION = YES_AGGRESSIVE;
				CLANG_CXX_LANGUAGE_STANDARD = "gnu++14";
				CLANG_CXX_LIBRARY = "libc++";
				CLANG_ENABLE_MODULES = YES;
				CLANG_ENABLE_OBJC_ARC = YES;
				CLANG_WARN_BLOCK_CAPTURE_AUTORELEASING = YES;
				CLANG_WARN_BOOL_CONVERSION = YES;
				CLANG_WARN_COMMA = YES;
				CLANG_WARN_CONSTANT_CONVERSION = YES;
				CLANG_WARN_DIRECT_OBJC_ISA_USAGE = YES_ERROR;
				CLANG_WARN_DOCUMENTATION_COMMENTS = YES;
				CLANG_WARN_EMPTY_BODY = YES;
				CLANG_WARN_ENUM_CONVERSION = YES;
				CLANG_WARN_INFINITE_RECURSION = YES;
				CLANG_WARN_INT_CONVERSION = YES;
				CLANG_WARN_NON_LITERAL_NULL_CONVERSION = YES;
				CLANG_WARN_OBJC_LITERAL_CONVERSION = YES;
				CLANG_WARN_OBJC_ROOT_CLASS = YES_ERROR;
				CLANG_WARN_RANGE_LOOP_ANALYSIS = YES;
				CLANG_WARN_STRICT_PROTOTYPES = YES;
				CLANG_WARN_SUSPICIOUS_MOVE = YES;
				CLANG_WARN_UNGUARDED_AVAILABILITY = YES_AGGRESSIVE;
				CLANG_WARN_UNREACHABLE_CODE = YES;
				CLANG_WARN__DUPLICATE_METHOD_MATCH = YES;
				CODE_SIGN_IDENTITY = "iPhone Developer";
				COPY_PHASE_STRIP = NO;
				DEBUG_INFORMATION_FORMAT = "dwarf-with-dsym";
				ENABLE_NS_ASSERTIONS = NO;
				ENABLE_STRICT_OBJC_MSGSEND = YES;
				GCC_C_LANGUAGE_STANDARD = gnu11;
				GCC_NO_COMMON_BLOCKS = YES;
				GCC_WARN_64_TO_32_BIT_CONVERSION = YES;
				GCC_WARN_ABOUT_RETURN_TYPE = YES_ERROR;
				GCC_WARN_UNDECLARED_SELECTOR = YES;
				GCC_WARN_UNINITIALIZED_AUTOS = YES_AGGRESSIVE;
				GCC_WARN_UNUSED_FUNCTION = YES;
				GCC_WARN_UNUSED_VARIABLE = YES;
				IPHONEOS_DEPLOYMENT_TARGET = 9.0;
				MTL_ENABLE_DEBUG_INFO = NO;
				SDKROOT = iphoneos;
				SWIFT_OPTIMIZATION_LEVEL = "-Owholemodule";
				VALIDATE_PRODUCT = YES;
			};
			name = Release;
		};
		848394F120DB583600C18AC9 /* Debug */ = {
			isa = XCBuildConfiguration;
			buildSettings = {
				ASSETCATALOG_COMPILER_APPICON_NAME = AppIcon;
				CODE_SIGN_STYLE = Automatic;
				DEVELOPMENT_TEAM = 9M899DRBMV;
				INFOPLIST_FILE = Images/Info.plist;
				IPHONEOS_DEPLOYMENT_TARGET = 9.0;
				LD_RUNPATH_SEARCH_PATHS = "$(inherited) @executable_path/Frameworks";
				PRODUCT_BUNDLE_IDENTIFIER = a.Images;
				PRODUCT_NAME = "$(TARGET_NAME)";
				SWIFT_VERSION = 4.0;
				TARGETED_DEVICE_FAMILY = 1;
			};
			name = Debug;
		};
		848394F220DB583600C18AC9 /* Release */ = {
			isa = XCBuildConfiguration;
			buildSettings = {
				ASSETCATALOG_COMPILER_APPICON_NAME = AppIcon;
				CODE_SIGN_STYLE = Automatic;
				DEVELOPMENT_TEAM = 9M899DRBMV;
				INFOPLIST_FILE = Images/Info.plist;
				IPHONEOS_DEPLOYMENT_TARGET = 9.0;
				LD_RUNPATH_SEARCH_PATHS = "$(inherited) @executable_path/Frameworks";
				PRODUCT_BUNDLE_IDENTIFIER = a.Images;
				PRODUCT_NAME = "$(TARGET_NAME)";
				SWIFT_VERSION = 4.0;
				TARGETED_DEVICE_FAMILY = 1;
			};
			name = Release;
		};
/* End XCBuildConfiguration section */

/* Begin XCConfigurationList section */
		848394D620DB583600C18AC9 /* Build configuration list for PBXProject "Images" */ = {
			isa = XCConfigurationList;
			buildConfigurations = (
				848394EE20DB583600C18AC9 /* Debug */,
				848394EF20DB583600C18AC9 /* Release */,
			);
			defaultConfigurationIsVisible = 0;
			defaultConfigurationName = Release;
		};
		848394F020DB583600C18AC9 /* Build configuration list for PBXNativeTarget "Images" */ = {
			isa = XCConfigurationList;
			buildConfigurations = (
				848394F120DB583600C18AC9 /* Debug */,
				848394F220DB583600C18AC9 /* Release */,
			);
			defaultConfigurationIsVisible = 0;
			defaultConfigurationName = Release;
		};
/* End XCConfigurationList section */

/* Begin XCVersionGroup section */
		848394E520DB583600C18AC9 /* Images.xcdatamodeld */ = {
			isa = XCVersionGroup;
			children = (
				848394E620DB583600C18AC9 /* Images.xcdatamodel */,
			);
			currentVersion = 848394E620DB583600C18AC9 /* Images.xcdatamodel */;
			path = Images.xcdatamodeld;
			sourceTree = "<group>";
			versionGroupType = wrapper.xcdatamodel;
		};
/* End XCVersionGroup section */
	};
	rootObject = 848394D320DB583600C18AC9 /* Project object */;
}
